
Microsoft Visual Studio Solution File, Format Version 12.00
# Visual Studio Version 17
VisualStudioVersion = 17.7.34024.191
MinimumVisualStudioVersion = 10.0.40219.1
Project("{FAE04EC0-301F-11D3-BF4B-00C04F79EFBC}") = "Testengine", "Testengine\Testengine.csproj", "{C7A827BA-F25F-4729-A312-5CD9BFB6E589}"
EndProject
Global
	GlobalSection(SolutionConfigurationPlatforms) = preSolution
		Debug|Any CPU = Debug|Any CPU
		Debug|x64 = Debug|x64
		Release|Any CPU = Release|Any CPU
		Release|x64 = Release|x64
	EndGlobalSection
	GlobalSection(ProjectConfigurationPlatforms) = postSolution
		{C7A827BA-F25F-4729-A312-5CD9BFB6E589}.Debug|Any CPU.ActiveCfg = Debug|Any CPU
		{C7A827BA-F25F-4729-A312-5CD9BFB6E589}.Debug|Any CPU.Build.0 = Debug|Any CPU
		{C7A827BA-F25F-4729-A312-5CD9BFB6E589}.Debug|x64.ActiveCfg = Debug|Any CPU
		{C7A827BA-F25F-4729-A312-5CD9BFB6E589}.Debug|x64.Build.0 = Debug|Any CPU
		{C7A827BA-F25F-4729-A312-5CD9BFB6E589}.Release|Any CPU.ActiveCfg = Release|Any CPU
		{C7A827BA-F25F-4729-A312-5CD9BFB6E589}.Release|Any CPU.Build.0 = Release|Any CPU
		{C7A827BA-F25F-4729-A312-5CD9BFB6E589}.Release|x64.ActiveCfg = Release|x64
		{C7A827BA-F25F-4729-A312-5CD9BFB6E589}.Release|x64.Build.0 = Release|x64
	EndGlobalSection
	GlobalSection(SolutionProperties) = preSolution
		HideSolutionNode = FALSE
	EndGlobalSection
	GlobalSection(ExtensibilityGlobals) = postSolution
		SolutionGuid = {0CCA4C7F-84BA-4C09-A1DC-3B3FF49A90D3}
	EndGlobalSection
EndGlobal
